// !$*UTF8*$!
{
	archiveVersion = 1;
	classes = {
	};
	objectVersion = 56;
	objects = {

/* Begin PBXBuildFile section */
		5B2A9F1C29E1D73100A172E6 /* AppDelegate.swift in Sources */ = {isa = PBXBuildFile; fileRef = 5B2A9F1B29E1D73100A172E6 /* AppDelegate.swift */; };
		5B2A9F1E29E1D73100A172E6 /* SceneDelegate.swift in Sources */ = {isa = PBXBuildFile; fileRef = 5B2A9F1D29E1D73100A172E6 /* SceneDelegate.swift */; };
		5B2A9F2029E1D73100A172E6 /* ViewController.swift in Sources */ = {isa = PBXBuildFile; fileRef = 5B2A9F1F29E1D73100A172E6 /* ViewController.swift */; };
		5B2A9F2329E1D73100A172E6 /* Main.storyboard in Resources */ = {isa = PBXBuildFile; fileRef = 5B2A9F2129E1D73100A172E6 /* Main.storyboard */; };
		5B2A9F2529E1D73100A172E6 /* Assets.xcassets in Resources */ = {isa = PBXBuildFile; fileRef = 5B2A9F2429E1D73100A172E6 /* Assets.xcassets */; };
		5B2A9F2829E1D73100A172E6 /* LaunchScreen.storyboard in Resources */ = {isa = PBXBuildFile; fileRef = 5B2A9F2629E1D73100A172E6 /* LaunchScreen.storyboard */; };
		5B4173E62A08123800597704 /* HomeController.swift in Sources */ = {isa = PBXBuildFile; fileRef = 5B4173E52A08123800597704 /* HomeController.swift */; };
		5B4173E82A08124100597704 /* SearchController.swift in Sources */ = {isa = PBXBuildFile; fileRef = 5B4173E72A08124100597704 /* SearchController.swift */; };
		5B4173EA2A08124B00597704 /* ProfileController.swift in Sources */ = {isa = PBXBuildFile; fileRef = 5B4173E92A08124B00597704 /* ProfileController.swift */; };
		5B5FC4262A01641100229274 /* LoginController.swift in Sources */ = {isa = PBXBuildFile; fileRef = 5B5FC4252A01641100229274 /* LoginController.swift */; };
		5B5FC4282A0170FB00229274 /* ForgotController.swift in Sources */ = {isa = PBXBuildFile; fileRef = 5B5FC4272A0170FB00229274 /* ForgotController.swift */; };
		5B8FD3E52A1D1A3400159F93 /* PostCell.swift in Sources */ = {isa = PBXBuildFile; fileRef = 5B8FD3E32A1D1A3400159F93 /* PostCell.swift */; };
		5B8FD3E62A1D1A3400159F93 /* PostCell.xib in Resources */ = {isa = PBXBuildFile; fileRef = 5B8FD3E42A1D1A3400159F93 /* PostCell.xib */; };
		5B8FD3E82A1D228A00159F93 /* PostController.swift in Sources */ = {isa = PBXBuildFile; fileRef = 5B8FD3E72A1D228A00159F93 /* PostController.swift */; };
		5BB57BF92A0AABEB004B278D /* ProfileViewModel.swift in Sources */ = {isa = PBXBuildFile; fileRef = 5BB57BF82A0AABEB004B278D /* ProfileViewModel.swift */; };
		5BB57BFD2A0AAEE2004B278D /* UIImageViewExtension.swift in Sources */ = {isa = PBXBuildFile; fileRef = 5BB57BFC2A0AAEE2004B278D /* UIImageViewExtension.swift */; };
		5BB57BFF2A0AB5A6004B278D /* UIViewExtension.swift in Sources */ = {isa = PBXBuildFile; fileRef = 5BB57BFE2A0AB5A6004B278D /* UIViewExtension.swift */; };
		5BC442A52A1924DF00BC679B /* FeedCell.xib in Resources */ = {isa = PBXBuildFile; fileRef = 5BC442A42A1924DF00BC679B /* FeedCell.xib */; };
		5BC442A72A19251100BC679B /* FeedCell.swift in Sources */ = {isa = PBXBuildFile; fileRef = 5BC442A62A19251100BC679B /* FeedCell.swift */; };
		5BC442A92A19285000BC679B /* FeedModel.swift in Sources */ = {isa = PBXBuildFile; fileRef = 5BC442A82A19285000BC679B /* FeedModel.swift */; };
		5BC442AB2A1928A800BC679B /* FeedViewModel.swift in Sources */ = {isa = PBXBuildFile; fileRef = 5BC442AA2A1928A800BC679B /* FeedViewModel.swift */; };
		5BF2830529FD7F41009934C5 /* MinigramApp.swift in Sources */ = {isa = PBXBuildFile; fileRef = 5BF2830429FD7F41009934C5 /* MinigramApp.swift */; };
		5BF2830729FD8065009934C5 /* SplashModel.swift in Sources */ = {isa = PBXBuildFile; fileRef = 5BF2830629FD8065009934C5 /* SplashModel.swift */; };
		5BF2830929FD8189009934C5 /* SplashController.swift in Sources */ = {isa = PBXBuildFile; fileRef = 5BF2830829FD8189009934C5 /* SplashController.swift */; };
		5BF2830B29FD8855009934C5 /* SplashService.swift in Sources */ = {isa = PBXBuildFile; fileRef = 5BF2830A29FD8855009934C5 /* SplashService.swift */; };
		5BF2830D29FD8976009934C5 /* SplashViewModel.swift in Sources */ = {isa = PBXBuildFile; fileRef = 5BF2830C29FD8976009934C5 /* SplashViewModel.swift */; };
		95BE53390BCEEC8272FB3E44 /* Pods_miniGram.framework in Frameworks */ = {isa = PBXBuildFile; fileRef = 6423FD48F14E10171DB4DF17 /* Pods_miniGram.framework */; };
/* End PBXBuildFile section */

/* Begin PBXFileReference section */
		311674EF98EE218028E33903 /* Pods-miniGram.release.xcconfig */ = {isa = PBXFileReference; includeInIndex = 1; lastKnownFileType = text.xcconfig; name = "Pods-miniGram.release.xcconfig"; path = "Target Support Files/Pods-miniGram/Pods-miniGram.release.xcconfig"; sourceTree = "<group>"; };
		5B2A9F1829E1D73100A172E6 /* miniGram.app */ = {isa = PBXFileReference; explicitFileType = wrapper.application; includeInIndex = 0; path = miniGram.app; sourceTree = BUILT_PRODUCTS_DIR; };
		5B2A9F1B29E1D73100A172E6 /* AppDelegate.swift */ = {isa = PBXFileReference; lastKnownFileType = sourcecode.swift; path = AppDelegate.swift; sourceTree = "<group>"; };
		5B2A9F1D29E1D73100A172E6 /* SceneDelegate.swift */ = {isa = PBXFileReference; lastKnownFileType = sourcecode.swift; path = SceneDelegate.swift; sourceTree = "<group>"; };
		5B2A9F1F29E1D73100A172E6 /* ViewController.swift */ = {isa = PBXFileReference; lastKnownFileType = sourcecode.swift; path = ViewController.swift; sourceTree = "<group>"; };
		5B2A9F2229E1D73100A172E6 /* Base */ = {isa = PBXFileReference; lastKnownFileType = file.storyboard; name = Base; path = Base.lproj/Main.storyboard; sourceTree = "<group>"; };
		5B2A9F2429E1D73100A172E6 /* Assets.xcassets */ = {isa = PBXFileReference; lastKnownFileType = folder.assetcatalog; path = Assets.xcassets; sourceTree = "<group>"; };
		5B2A9F2729E1D73100A172E6 /* Base */ = {isa = PBXFileReference; lastKnownFileType = file.storyboard; name = Base; path = Base.lproj/LaunchScreen.storyboard; sourceTree = "<group>"; };
		5B2A9F2929E1D73100A172E6 /* Info.plist */ = {isa = PBXFileReference; lastKnownFileType = text.plist.xml; path = Info.plist; sourceTree = "<group>"; };
		5B4173E52A08123800597704 /* HomeController.swift */ = {isa = PBXFileReference; lastKnownFileType = sourcecode.swift; path = HomeController.swift; sourceTree = "<group>"; };
		5B4173E72A08124100597704 /* SearchController.swift */ = {isa = PBXFileReference; lastKnownFileType = sourcecode.swift; path = SearchController.swift; sourceTree = "<group>"; };
		5B4173E92A08124B00597704 /* ProfileController.swift */ = {isa = PBXFileReference; lastKnownFileType = sourcecode.swift; path = ProfileController.swift; sourceTree = "<group>"; };
		5B5FC4252A01641100229274 /* LoginController.swift */ = {isa = PBXFileReference; lastKnownFileType = sourcecode.swift; path = LoginController.swift; sourceTree = "<group>"; };
		5B5FC4272A0170FB00229274 /* ForgotController.swift */ = {isa = PBXFileReference; lastKnownFileType = sourcecode.swift; path = ForgotController.swift; sourceTree = "<group>"; };
		5B8FD3E32A1D1A3400159F93 /* PostCell.swift */ = {isa = PBXFileReference; lastKnownFileType = sourcecode.swift; path = PostCell.swift; sourceTree = "<group>"; };
		5B8FD3E42A1D1A3400159F93 /* PostCell.xib */ = {isa = PBXFileReference; lastKnownFileType = file.xib; path = PostCell.xib; sourceTree = "<group>"; };
		5B8FD3E72A1D228A00159F93 /* PostController.swift */ = {isa = PBXFileReference; lastKnownFileType = sourcecode.swift; path = PostController.swift; sourceTree = "<group>"; };
		5BB57BF82A0AABEB004B278D /* ProfileViewModel.swift */ = {isa = PBXFileReference; lastKnownFileType = sourcecode.swift; path = ProfileViewModel.swift; sourceTree = "<group>"; };
		5BB57BFC2A0AAEE2004B278D /* UIImageViewExtension.swift */ = {isa = PBXFileReference; lastKnownFileType = sourcecode.swift; path = UIImageViewExtension.swift; sourceTree = "<group>"; };
		5BB57BFE2A0AB5A6004B278D /* UIViewExtension.swift */ = {isa = PBXFileReference; lastKnownFileType = sourcecode.swift; path = UIViewExtension.swift; sourceTree = "<group>"; };
		5BC442A42A1924DF00BC679B /* FeedCell.xib */ = {isa = PBXFileReference; lastKnownFileType = file.xib; path = FeedCell.xib; sourceTree = "<group>"; };
		5BC442A62A19251100BC679B /* FeedCell.swift */ = {isa = PBXFileReference; lastKnownFileType = sourcecode.swift; path = FeedCell.swift; sourceTree = "<group>"; };
		5BC442A82A19285000BC679B /* FeedModel.swift */ = {isa = PBXFileReference; lastKnownFileType = sourcecode.swift; path = FeedModel.swift; sourceTree = "<group>"; };
		5BC442AA2A1928A800BC679B /* FeedViewModel.swift */ = {isa = PBXFileReference; lastKnownFileType = sourcecode.swift; path = FeedViewModel.swift; sourceTree = "<group>"; };
		5BF2830429FD7F41009934C5 /* MinigramApp.swift */ = {isa = PBXFileReference; lastKnownFileType = sourcecode.swift; path = MinigramApp.swift; sourceTree = "<group>"; };
		5BF2830629FD8065009934C5 /* SplashModel.swift */ = {isa = PBXFileReference; lastKnownFileType = sourcecode.swift; path = SplashModel.swift; sourceTree = "<group>"; };
		5BF2830829FD8189009934C5 /* SplashController.swift */ = {isa = PBXFileReference; lastKnownFileType = sourcecode.swift; path = SplashController.swift; sourceTree = "<group>"; };
		5BF2830A29FD8855009934C5 /* SplashService.swift */ = {isa = PBXFileReference; lastKnownFileType = sourcecode.swift; path = SplashService.swift; sourceTree = "<group>"; };
		5BF2830C29FD8976009934C5 /* SplashViewModel.swift */ = {isa = PBXFileReference; lastKnownFileType = sourcecode.swift; path = SplashViewModel.swift; sourceTree = "<group>"; };
		5F7A39EF732D3AF32D82A153 /* Pods-miniGram.debug.xcconfig */ = {isa = PBXFileReference; includeInIndex = 1; lastKnownFileType = text.xcconfig; name = "Pods-miniGram.debug.xcconfig"; path = "Target Support Files/Pods-miniGram/Pods-miniGram.debug.xcconfig"; sourceTree = "<group>"; };
		6423FD48F14E10171DB4DF17 /* Pods_miniGram.framework */ = {isa = PBXFileReference; explicitFileType = wrapper.framework; includeInIndex = 0; path = Pods_miniGram.framework; sourceTree = BUILT_PRODUCTS_DIR; };
/* End PBXFileReference section */

/* Begin PBXFrameworksBuildPhase section */
		5B2A9F1529E1D73100A172E6 /* Frameworks */ = {
			isa = PBXFrameworksBuildPhase;
			buildActionMask = 2147483647;
			files = (
				95BE53390BCEEC8272FB3E44 /* Pods_miniGram.framework in Frameworks */,
			);
			runOnlyForDeploymentPostprocessing = 0;
		};
/* End PBXFrameworksBuildPhase section */

/* Begin PBXGroup section */
		1D38A98E43DF39F688AACCE1 /* Pods */ = {
			isa = PBXGroup;
			children = (
				5F7A39EF732D3AF32D82A153 /* Pods-miniGram.debug.xcconfig */,
				311674EF98EE218028E33903 /* Pods-miniGram.release.xcconfig */,
			);
			path = Pods;
			sourceTree = "<group>";
		};
		5B2A9F0F29E1D73000A172E6 = {
			isa = PBXGroup;
			children = (
				5B2A9F1A29E1D73100A172E6 /* miniGram */,
				5B2A9F1929E1D73100A172E6 /* Products */,
				1D38A98E43DF39F688AACCE1 /* Pods */,
				84B829304408479B30B73F77 /* Frameworks */,
			);
			sourceTree = "<group>";
		};
		5B2A9F1929E1D73100A172E6 /* Products */ = {
			isa = PBXGroup;
			children = (
				5B2A9F1829E1D73100A172E6 /* miniGram.app */,
			);
			name = Products;
			sourceTree = "<group>";
		};
		5B2A9F1A29E1D73100A172E6 /* miniGram */ = {
			isa = PBXGroup;
			children = (
				5BC442A32A1924B600BC679B /* CustomCells */,
				5BB57BFA2A0AAEA1004B278D /* Extensions */,
				5BF2830329FD7F1D009934C5 /* Utilities */,
				5BF2830229FD7EF4009934C5 /* Storyboards */,
				5BF2830129FD7E98009934C5 /* ViewModels */,
				5BF2830029FD7E8F009934C5 /* Services */,
				5BF282FF29FD7E82009934C5 /* Models */,
				5BF282FE29FD7E6C009934C5 /* ViewControllers */,
				5BF282FD29FD7E56009934C5 /* AppDelegate */,
				5B2A9F2429E1D73100A172E6 /* Assets.xcassets */,
				5B2A9F2929E1D73100A172E6 /* Info.plist */,
			);
			path = miniGram;
			sourceTree = "<group>";
		};
		5BB57BFA2A0AAEA1004B278D /* Extensions */ = {
			isa = PBXGroup;
			children = (
				5BB57BFC2A0AAEE2004B278D /* UIImageViewExtension.swift */,
				5BB57BFE2A0AB5A6004B278D /* UIViewExtension.swift */,
			);
			path = Extensions;
			sourceTree = "<group>";
		};
		5BC442A32A1924B600BC679B /* CustomCells */ = {
			isa = PBXGroup;
			children = (
				5BC442A42A1924DF00BC679B /* FeedCell.xib */,
				5BC442A62A19251100BC679B /* FeedCell.swift */,
				5B8FD3E32A1D1A3400159F93 /* PostCell.swift */,
				5B8FD3E42A1D1A3400159F93 /* PostCell.xib */,
			);
			path = CustomCells;
			sourceTree = "<group>";
		};
		5BF282FD29FD7E56009934C5 /* AppDelegate */ = {
			isa = PBXGroup;
			children = (
				5B2A9F1B29E1D73100A172E6 /* AppDelegate.swift */,
				5B2A9F1D29E1D73100A172E6 /* SceneDelegate.swift */,
			);
			path = AppDelegate;
			sourceTree = "<group>";
		};
		5BF282FE29FD7E6C009934C5 /* ViewControllers */ = {
			isa = PBXGroup;
			children = (
				5B2A9F1F29E1D73100A172E6 /* ViewController.swift */,
				5BF2830829FD8189009934C5 /* SplashController.swift */,
				5B5FC4252A01641100229274 /* LoginController.swift */,
				5B5FC4272A0170FB00229274 /* ForgotController.swift */,
				5B4173E52A08123800597704 /* HomeController.swift */,
				5B4173E72A08124100597704 /* SearchController.swift */,
				5B4173E92A08124B00597704 /* ProfileController.swift */,
				5B8FD3E72A1D228A00159F93 /* PostController.swift */,
			);
			path = ViewControllers;
			sourceTree = "<group>";
		};
		5BF282FF29FD7E82009934C5 /* Models */ = {
			isa = PBXGroup;
			children = (
				5BF2830629FD8065009934C5 /* SplashModel.swift */,
				5BC442A82A19285000BC679B /* FeedModel.swift */,
			);
			path = Models;
			sourceTree = "<group>";
		};
		5BF2830029FD7E8F009934C5 /* Services */ = {
			isa = PBXGroup;
			children = (
				5BF2830A29FD8855009934C5 /* SplashService.swift */,
			);
			path = Services;
			sourceTree = "<group>";
		};
		5BF2830129FD7E98009934C5 /* ViewModels */ = {
			isa = PBXGroup;
			children = (
				5BB57BF82A0AABEB004B278D /* ProfileViewModel.swift */,
				5BF2830C29FD8976009934C5 /* SplashViewModel.swift */,
				5BC442AA2A1928A800BC679B /* FeedViewModel.swift */,
			);
			path = ViewModels;
			sourceTree = "<group>";
		};
		5BF2830229FD7EF4009934C5 /* Storyboards */ = {
			isa = PBXGroup;
			children = (
				5B2A9F2129E1D73100A172E6 /* Main.storyboard */,
				5B2A9F2629E1D73100A172E6 /* LaunchScreen.storyboard */,
			);
			path = Storyboards;
			sourceTree = "<group>";
		};
		5BF2830329FD7F1D009934C5 /* Utilities */ = {
			isa = PBXGroup;
			children = (
				5BF2830429FD7F41009934C5 /* MinigramApp.swift */,
			);
			path = Utilities;
			sourceTree = "<group>";
		};
		84B829304408479B30B73F77 /* Frameworks */ = {
			isa = PBXGroup;
			children = (
				6423FD48F14E10171DB4DF17 /* Pods_miniGram.framework */,
			);
			name = Frameworks;
			sourceTree = "<group>";
		};
/* End PBXGroup section */

/* Begin PBXNativeTarget section */
		5B2A9F1729E1D73100A172E6 /* miniGram */ = {
			isa = PBXNativeTarget;
			buildConfigurationList = 5B2A9F2C29E1D73100A172E6 /* Build configuration list for PBXNativeTarget "miniGram" */;
			buildPhases = (
				36658BE15CF575BB8F76AD27 /* [CP] Check Pods Manifest.lock */,
				5B2A9F1429E1D73100A172E6 /* Sources */,
				5B2A9F1529E1D73100A172E6 /* Frameworks */,
				5B2A9F1629E1D73100A172E6 /* Resources */,
				7A8207373025A6AE0EEBD4B1 /* [CP] Embed Pods Frameworks */,
			);
			buildRules = (
			);
			dependencies = (
			);
			name = miniGram;
			productName = miniGram;
			productReference = 5B2A9F1829E1D73100A172E6 /* miniGram.app */;
			productType = "com.apple.product-type.application";
		};
/* End PBXNativeTarget section */

/* Begin PBXProject section */
		5B2A9F1029E1D73000A172E6 /* Project object */ = {
			isa = PBXProject;
			attributes = {
				BuildIndependentTargetsInParallel = 1;
				LastSwiftUpdateCheck = 1420;
				LastUpgradeCheck = 1420;
				TargetAttributes = {
					5B2A9F1729E1D73100A172E6 = {
						CreatedOnToolsVersion = 14.2;
					};
				};
			};
			buildConfigurationList = 5B2A9F1329E1D73000A172E6 /* Build configuration list for PBXProject "miniGram" */;
			compatibilityVersion = "Xcode 14.0";
			developmentRegion = en;
			hasScannedForEncodings = 0;
			knownRegions = (
				en,
				Base,
			);
			mainGroup = 5B2A9F0F29E1D73000A172E6;
			productRefGroup = 5B2A9F1929E1D73100A172E6 /* Products */;
			projectDirPath = "";
			projectRoot = "";
			targets = (
				5B2A9F1729E1D73100A172E6 /* miniGram */,
			);
		};
/* End PBXProject section */

/* Begin PBXResourcesBuildPhase section */
		5B2A9F1629E1D73100A172E6 /* Resources */ = {
			isa = PBXResourcesBuildPhase;
			buildActionMask = 2147483647;
			files = (
				5B2A9F2829E1D73100A172E6 /* LaunchScreen.storyboard in Resources */,
				5BC442A52A1924DF00BC679B /* FeedCell.xib in Resources */,
				5B8FD3E62A1D1A3400159F93 /* PostCell.xib in Resources */,
				5B2A9F2529E1D73100A172E6 /* Assets.xcassets in Resources */,
				5B2A9F2329E1D73100A172E6 /* Main.storyboard in Resources */,
			);
			runOnlyForDeploymentPostprocessing = 0;
		};
/* End PBXResourcesBuildPhase section */

/* Begin PBXShellScriptBuildPhase section */
		36658BE15CF575BB8F76AD27 /* [CP] Check Pods Manifest.lock */ = {
			isa = PBXShellScriptBuildPhase;
			buildActionMask = 2147483647;
			files = (
			);
			inputFileListPaths = (
			);
			inputPaths = (
				"${PODS_PODFILE_DIR_PATH}/Podfile.lock",
				"${PODS_ROOT}/Manifest.lock",
			);
			name = "[CP] Check Pods Manifest.lock";
			outputFileListPaths = (
			);
			outputPaths = (
				"$(DERIVED_FILE_DIR)/Pods-miniGram-checkManifestLockResult.txt",
			);
			runOnlyForDeploymentPostprocessing = 0;
			shellPath = /bin/sh;
			shellScript = "diff \"${PODS_PODFILE_DIR_PATH}/Podfile.lock\" \"${PODS_ROOT}/Manifest.lock\" > /dev/null\nif [ $? != 0 ] ; then\n    # print error to STDERR\n    echo \"error: The sandbox is not in sync with the Podfile.lock. Run 'pod install' or update your CocoaPods installation.\" >&2\n    exit 1\nfi\n# This output is used by Xcode 'outputs' to avoid re-running this script phase.\necho \"SUCCESS\" > \"${SCRIPT_OUTPUT_FILE_0}\"\n";
			showEnvVarsInLog = 0;
		};
		7A8207373025A6AE0EEBD4B1 /* [CP] Embed Pods Frameworks */ = {
			isa = PBXShellScriptBuildPhase;
			buildActionMask = 2147483647;
			files = (
			);
			inputFileListPaths = (
				"${PODS_ROOT}/Target Support Files/Pods-miniGram/Pods-miniGram-frameworks-${CONFIGURATION}-input-files.xcfilelist",
			);
			name = "[CP] Embed Pods Frameworks";
			outputFileListPaths = (
				"${PODS_ROOT}/Target Support Files/Pods-miniGram/Pods-miniGram-frameworks-${CONFIGURATION}-output-files.xcfilelist",
			);
			runOnlyForDeploymentPostprocessing = 0;
			shellPath = /bin/sh;
			shellScript = "\"${PODS_ROOT}/Target Support Files/Pods-miniGram/Pods-miniGram-frameworks.sh\"\n";
			showEnvVarsInLog = 0;
		};
/* End PBXShellScriptBuildPhase section */

/* Begin PBXSourcesBuildPhase section */
		5B2A9F1429E1D73100A172E6 /* Sources */ = {
			isa = PBXSourcesBuildPhase;
			buildActionMask = 2147483647;
			files = (
				5BC442AB2A1928A800BC679B /* FeedViewModel.swift in Sources */,
				5B5FC4282A0170FB00229274 /* ForgotController.swift in Sources */,
				5BC442A92A19285000BC679B /* FeedModel.swift in Sources */,
				5B2A9F2029E1D73100A172E6 /* ViewController.swift in Sources */,
				5BC442A72A19251100BC679B /* FeedCell.swift in Sources */,
				5B4173E62A08123800597704 /* HomeController.swift in Sources */,
				5BF2830B29FD8855009934C5 /* SplashService.swift in Sources */,
				5BF2830729FD8065009934C5 /* SplashModel.swift in Sources */,
				5BB57BFD2A0AAEE2004B278D /* UIImageViewExtension.swift in Sources */,
				5BB57BFF2A0AB5A6004B278D /* UIViewExtension.swift in Sources */,
				5B4173EA2A08124B00597704 /* ProfileController.swift in Sources */,
				5B8FD3E82A1D228A00159F93 /* PostController.swift in Sources */,
				5BB57BF92A0AABEB004B278D /* ProfileViewModel.swift in Sources */,
				5BF2830929FD8189009934C5 /* SplashController.swift in Sources */,
				5B5FC4262A01641100229274 /* LoginController.swift in Sources */,
				5B4173E82A08124100597704 /* SearchController.swift in Sources */,
				5BF2830529FD7F41009934C5 /* MinigramApp.swift in Sources */,
				5B2A9F1C29E1D73100A172E6 /* AppDelegate.swift in Sources */,
				5B2A9F1E29E1D73100A172E6 /* SceneDelegate.swift in Sources */,
				5BF2830D29FD8976009934C5 /* SplashViewModel.swift in Sources */,
				5B8FD3E52A1D1A3400159F93 /* PostCell.swift in Sources */,
			);
			runOnlyForDeploymentPostprocessing = 0;
		};
/* End PBXSourcesBuildPhase section */

/* Begin PBXVariantGroup section */
		5B2A9F2129E1D73100A172E6 /* Main.storyboard */ = {
			isa = PBXVariantGroup;
			children = (
				5B2A9F2229E1D73100A172E6 /* Base */,
			);
			name = Main.storyboard;
			sourceTree = "<group>";
		};
		5B2A9F2629E1D73100A172E6 /* LaunchScreen.storyboard */ = {
			isa = PBXVariantGroup;
			children = (
				5B2A9F2729E1D73100A172E6 /* Base */,
			);
			name = LaunchScreen.storyboard;
			sourceTree = "<group>";
		};
/* End PBXVariantGroup section */

/* Begin XCBuildConfiguration section */
		5B2A9F2A29E1D73100A172E6 /* Debug */ = {
			isa = XCBuildConfiguration;
			buildSettings = {
				ALWAYS_SEARCH_USER_PATHS = NO;
				CLANG_ANALYZER_NONNULL = YES;
				CLANG_ANALYZER_NUMBER_OBJECT_CONVERSION = YES_AGGRESSIVE;
				CLANG_CXX_LANGUAGE_STANDARD = "gnu++20";
				CLANG_ENABLE_MODULES = YES;
				CLANG_ENABLE_OBJC_ARC = YES;
				CLANG_ENABLE_OBJC_WEAK = YES;
				CLANG_WARN_BLOCK_CAPTURE_AUTORELEASING = YES;
				CLANG_WARN_BOOL_CONVERSION = YES;
				CLANG_WARN_COMMA = YES;
				CLANG_WARN_CONSTANT_CONVERSION = YES;
				CLANG_WARN_DEPRECATED_OBJC_IMPLEMENTATIONS = YES;
				CLANG_WARN_DIRECT_OBJC_ISA_USAGE = YES_ERROR;
				CLANG_WARN_DOCUMENTATION_COMMENTS = YES;
				CLANG_WARN_EMPTY_BODY = YES;
				CLANG_WARN_ENUM_CONVERSION = YES;
				CLANG_WARN_INFINITE_RECURSION = YES;
				CLANG_WARN_INT_CONVERSION = YES;
				CLANG_WARN_NON_LITERAL_NULL_CONVERSION = YES;
				CLANG_WARN_OBJC_IMPLICIT_RETAIN_SELF = YES;
				CLANG_WARN_OBJC_LITERAL_CONVERSION = YES;
				CLANG_WARN_OBJC_ROOT_CLASS = YES_ERROR;
				CLANG_WARN_QUOTED_INCLUDE_IN_FRAMEWORK_HEADER = YES;
				CLANG_WARN_RANGE_LOOP_ANALYSIS = YES;
				CLANG_WARN_STRICT_PROTOTYPES = YES;
				CLANG_WARN_SUSPICIOUS_MOVE = YES;
				CLANG_WARN_UNGUARDED_AVAILABILITY = YES_AGGRESSIVE;
				CLANG_WARN_UNREACHABLE_CODE = YES;
				CLANG_WARN__DUPLICATE_METHOD_MATCH = YES;
				COPY_PHASE_STRIP = NO;
				DEBUG_INFORMATION_FORMAT = dwarf;
				ENABLE_STRICT_OBJC_MSGSEND = YES;
				ENABLE_TESTABILITY = YES;
				GCC_C_LANGUAGE_STANDARD = gnu11;
				GCC_DYNAMIC_NO_PIC = NO;
				GCC_NO_COMMON_BLOCKS = YES;
				GCC_OPTIMIZATION_LEVEL = 0;
				GCC_PREPROCESSOR_DEFINITIONS = (
					"DEBUG=1",
					"$(inherited)",
				);
				GCC_WARN_64_TO_32_BIT_CONVERSION = YES;
				GCC_WARN_ABOUT_RETURN_TYPE = YES_ERROR;
				GCC_WARN_UNDECLARED_SELECTOR = YES;
				GCC_WARN_UNINITIALIZED_AUTOS = YES_AGGRESSIVE;
				GCC_WARN_UNUSED_FUNCTION = YES;
				GCC_WARN_UNUSED_VARIABLE = YES;
				IPHONEOS_DEPLOYMENT_TARGET = 16.2;
				MTL_ENABLE_DEBUG_INFO = INCLUDE_SOURCE;
				MTL_FAST_MATH = YES;
				ONLY_ACTIVE_ARCH = YES;
				SDKROOT = iphoneos;
				SWIFT_ACTIVE_COMPILATION_CONDITIONS = DEBUG;
				SWIFT_OPTIMIZATION_LEVEL = "-Onone";
			};
			name = Debug;
		};
		5B2A9F2B29E1D73100A172E6 /* Release */ = {
			isa = XCBuildConfiguration;
			buildSettings = {
				ALWAYS_SEARCH_USER_PATHS = NO;
				CLANG_ANALYZER_NONNULL = YES;
				CLANG_ANALYZER_NUMBER_OBJECT_CONVERSION = YES_AGGRESSIVE;
				CLANG_CXX_LANGUAGE_STANDARD = "gnu++20";
				CLANG_ENABLE_MODULES = YES;
				CLANG_ENABLE_OBJC_ARC = YES;
				CLANG_ENABLE_OBJC_WEAK = YES;
				CLANG_WARN_BLOCK_CAPTURE_AUTORELEASING = YES;
				CLANG_WARN_BOOL_CONVERSION = YES;
				CLANG_WARN_COMMA = YES;
				CLANG_WARN_CONSTANT_CONVERSION = YES;
				CLANG_WARN_DEPRECATED_OBJC_IMPLEMENTATIONS = YES;
				CLANG_WARN_DIRECT_OBJC_ISA_USAGE = YES_ERROR;
				CLANG_WARN_DOCUMENTATION_COMMENTS = YES;
				CLANG_WARN_EMPTY_BODY = YES;
				CLANG_WARN_ENUM_CONVERSION = YES;
				CLANG_WARN_INFINITE_RECURSION = YES;
				CLANG_WARN_INT_CONVERSION = YES;
				CLANG_WARN_NON_LITERAL_NULL_CONVERSION = YES;
				CLANG_WARN_OBJC_IMPLICIT_RETAIN_SELF = YES;
				CLANG_WARN_OBJC_LITERAL_CONVERSION = YES;
				CLANG_WARN_OBJC_ROOT_CLASS = YES_ERROR;
				CLANG_WARN_QUOTED_INCLUDE_IN_FRAMEWORK_HEADER = YES;
				CLANG_WARN_RANGE_LOOP_ANALYSIS = YES;
				CLANG_WARN_STRICT_PROTOTYPES = YES;
				CLANG_WARN_SUSPICIOUS_MOVE = YES;
				CLANG_WARN_UNGUARDED_AVAILABILITY = YES_AGGRESSIVE;
				CLANG_WARN_UNREACHABLE_CODE = YES;
				CLANG_WARN__DUPLICATE_METHOD_MATCH = YES;
				COPY_PHASE_STRIP = NO;
				DEBUG_INFORMATION_FORMAT = "dwarf-with-dsym";
				ENABLE_NS_ASSERTIONS = NO;
				ENABLE_STRICT_OBJC_MSGSEND = YES;
				GCC_C_LANGUAGE_STANDARD = gnu11;
				GCC_NO_COMMON_BLOCKS = YES;
				GCC_WARN_64_TO_32_BIT_CONVERSION = YES;
				GCC_WARN_ABOUT_RETURN_TYPE = YES_ERROR;
				GCC_WARN_UNDECLARED_SELECTOR = YES;
				GCC_WARN_UNINITIALIZED_AUTOS = YES_AGGRESSIVE;
				GCC_WARN_UNUSED_FUNCTION = YES;
				GCC_WARN_UNUSED_VARIABLE = YES;
				IPHONEOS_DEPLOYMENT_TARGET = 16.2;
				MTL_ENABLE_DEBUG_INFO = NO;
				MTL_FAST_MATH = YES;
				SDKROOT = iphoneos;
				SWIFT_COMPILATION_MODE = wholemodule;
				SWIFT_OPTIMIZATION_LEVEL = "-O";
				VALIDATE_PRODUCT = YES;
			};
			name = Release;
		};
		5B2A9F2D29E1D73100A172E6 /* Debug */ = {
			isa = XCBuildConfiguration;
			baseConfigurationReference = 5F7A39EF732D3AF32D82A153 /* Pods-miniGram.debug.xcconfig */;
			buildSettings = {
				ASSETCATALOG_COMPILER_APPICON_NAME = AppIcon;
				ASSETCATALOG_COMPILER_GLOBAL_ACCENT_COLOR_NAME = AccentColor;
				CODE_SIGN_STYLE = Automatic;
				CURRENT_PROJECT_VERSION = 1;
				GENERATE_INFOPLIST_FILE = YES;
				INFOPLIST_FILE = miniGram/Info.plist;
				INFOPLIST_KEY_UIApplicationSupportsIndirectInputEvents = YES;
				INFOPLIST_KEY_UILaunchStoryboardName = LaunchScreen;
				INFOPLIST_KEY_UIMainStoryboardFile = Main;
				INFOPLIST_KEY_UISupportedInterfaceOrientations_iPad = "UIInterfaceOrientationPortrait UIInterfaceOrientationPortraitUpsideDown UIInterfaceOrientationLandscapeLeft UIInterfaceOrientationLandscapeRight";
				INFOPLIST_KEY_UISupportedInterfaceOrientations_iPhone = "UIInterfaceOrientationPortrait UIInterfaceOrientationLandscapeLeft UIInterfaceOrientationLandscapeRight";
				IPHONEOS_DEPLOYMENT_TARGET = 15.0;
				LD_RUNPATH_SEARCH_PATHS = (
					"$(inherited)",
					"@executable_path/Frameworks",
				);
				MARKETING_VERSION = 1.0;
				PRODUCT_BUNDLE_IDENTIFIER = com.ccwa.miniGram;
				PRODUCT_NAME = "$(TARGET_NAME)";
				SWIFT_EMIT_LOC_STRINGS = YES;
				SWIFT_VERSION = 5.0;
				TARGETED_DEVICE_FAMILY = "1,2";
			};
			name = Debug;
		};
		5B2A9F2E29E1D73100A172E6 /* Release */ = {
			isa = XCBuildConfiguration;
			baseConfigurationReference = 311674EF98EE218028E33903 /* Pods-miniGram.release.xcconfig */;
			buildSettings = {
				ASSETCATALOG_COMPILER_APPICON_NAME = AppIcon;
				ASSETCATALOG_COMPILER_GLOBAL_ACCENT_COLOR_NAME = AccentColor;
				CODE_SIGN_STYLE = Automatic;
				CURRENT_PROJECT_VERSION = 1;
				GENERATE_INFOPLIST_FILE = YES;
				INFOPLIST_FILE = miniGram/Info.plist;
				INFOPLIST_KEY_UIApplicationSupportsIndirectInputEvents = YES;
				INFOPLIST_KEY_UILaunchStoryboardName = LaunchScreen;
				INFOPLIST_KEY_UIMainStoryboardFile = Main;
				INFOPLIST_KEY_UISupportedInterfaceOrientations_iPad = "UIInterfaceOrientationPortrait UIInterfaceOrientationPortraitUpsideDown UIInterfaceOrientationLandscapeLeft UIInterfaceOrientationLandscapeRight";
				INFOPLIST_KEY_UISupportedInterfaceOrientations_iPhone = "UIInterfaceOrientationPortrait UIInterfaceOrientationLandscapeLeft UIInterfaceOrientationLandscapeRight";
				IPHONEOS_DEPLOYMENT_TARGET = 15.0;
				LD_RUNPATH_SEARCH_PATHS = (
					"$(inherited)",
					"@executable_path/Frameworks",
				);
				MARKETING_VERSION = 1.0;
				PRODUCT_BUNDLE_IDENTIFIER = com.ccwa.miniGram;
				PRODUCT_NAME = "$(TARGET_NAME)";
				SWIFT_EMIT_LOC_STRINGS = YES;
				SWIFT_VERSION = 5.0;
				TARGETED_DEVICE_FAMILY = "1,2";
			};
			name = Release;
		};
/* End XCBuildConfiguration section */

/* Begin XCConfigurationList section */
		5B2A9F1329E1D73000A172E6 /* Build configuration list for PBXProject "miniGram" */ = {
			isa = XCConfigurationList;
			buildConfigurations = (
				5B2A9F2A29E1D73100A172E6 /* Debug */,
				5B2A9F2B29E1D73100A172E6 /* Release */,
			);
			defaultConfigurationIsVisible = 0;
			defaultConfigurationName = Release;
		};
		5B2A9F2C29E1D73100A172E6 /* Build configuration list for PBXNativeTarget "miniGram" */ = {
			isa = XCConfigurationList;
			buildConfigurations = (
				5B2A9F2D29E1D73100A172E6 /* Debug */,
				5B2A9F2E29E1D73100A172E6 /* Release */,
			);
			defaultConfigurationIsVisible = 0;
			defaultConfigurationName = Release;
		};
/* End XCConfigurationList section */
	};
	rootObject = 5B2A9F1029E1D73000A172E6 /* Project object */;
}
